
Microsoft Visual Studio Solution File, Format Version 12.00
# Visual Studio Version 17
VisualStudioVersion = 17.6.33815.320
MinimumVisualStudioVersion = 10.0.40219.1
Project("{9A19103F-16F7-4668-BE54-9A1E7A4F7556}") = "Parallax", "Parallax\Parallax.csproj", "{1F0B69CC-0DE1-4465-B1DA-EAA80743841C}"
EndProject
Global
	GlobalSection(SolutionConfigurationPlatforms) = preSolution
		Debug|Any CPU = Debug|Any CPU
		Debug|x64 = Debug|x64
		Debug|x86 = Debug|x86
		Release|Any CPU = Release|Any CPU
		Release|x64 = Release|x64
		Release|x86 = Release|x86
	EndGlobalSection
	GlobalSection(ProjectConfigurationPlatforms) = postSolution
		{1F0B69CC-0DE1-4465-B1DA-EAA80743841C}.Debug|Any CPU.ActiveCfg = Debug|Any CPU
		{1F0B69CC-0DE1-4465-B1DA-EAA80743841C}.Debug|Any CPU.Build.0 = Debug|Any CPU
		{1F0B69CC-0DE1-4465-B1DA-EAA80743841C}.Debug|x64.ActiveCfg = Debug|x64
		{1F0B69CC-0DE1-4465-B1DA-EAA80743841C}.Debug|x64.Build.0 = Debug|x64
		{1F0B69CC-0DE1-4465-B1DA-EAA80743841C}.Debug|x86.ActiveCfg = Debug|Any CPU
		{1F0B69CC-0DE1-4465-B1DA-EAA80743841C}.Debug|x86.Build.0 = Debug|Any CPU
		{1F0B69CC-0DE1-4465-B1DA-EAA80743841C}.Release|Any CPU.ActiveCfg = Release|Any CPU
		{1F0B69CC-0DE1-4465-B1DA-EAA80743841C}.Release|Any CPU.Build.0 = Release|Any CPU
		{1F0B69CC-0DE1-4465-B1DA-EAA80743841C}.Release|x64.ActiveCfg = Release|x64
		{1F0B69CC-0DE1-4465-B1DA-EAA80743841C}.Release|x64.Build.0 = Release|x64
		{1F0B69CC-0DE1-4465-B1DA-EAA80743841C}.Release|x86.ActiveCfg = Release|x86
		{1F0B69CC-0DE1-4465-B1DA-EAA80743841C}.Release|x86.Build.0 = Release|x86
	EndGlobalSection
	GlobalSection(SolutionProperties) = preSolution
		HideSolutionNode = FALSE
	EndGlobalSection
	GlobalSection(ExtensibilityGlobals) = postSolution
		SolutionGuid = {E521B71B-8728-41E5-973A-39C37C80C54D}
	EndGlobalSection
EndGlobal
